
Microsoft Visual Studio Solution File, Format Version 12.00
# Visual Studio Version 17
VisualStudioVersion = 17.10.35013.160
MinimumVisualStudioVersion = 10.0.40219.1
Project("{FAE04EC0-301F-11D3-BF4B-00C04F79EFBC}") = "UI", "UI\UI.csproj", "{711AACC8-1131-44A1-B0C3-8FABF6213B19}"
EndProject
Project("{FAE04EC0-301F-11D3-BF4B-00C04F79EFBC}") = "Infra", "Infra\Infra.csproj", "{01639450-CF23-4A22-AE79-08AAD2119A29}"
EndProject
Project("{FAE04EC0-301F-11D3-BF4B-00C04F79EFBC}") = "Application", "Application\Application.csproj", "{602CAB19-3778-4455-B9B3-7CF37CB9564B}"
EndProject
Global
	GlobalSection(SolutionConfigurationPlatforms) = preSolution
		Debug|Any CPU = Debug|Any CPU
		Release|Any CPU = Release|Any CPU
	EndGlobalSection
	GlobalSection(ProjectConfigurationPlatforms) = postSolution
		{711AACC8-1131-44A1-B0C3-8FABF6213B19}.Debug|Any CPU.ActiveCfg = Debug|Any CPU
		{711AACC8-1131-44A1-B0C3-8FABF6213B19}.Debug|Any CPU.Build.0 = Debug|Any CPU
		{711AACC8-1131-44A1-B0C3-8FABF6213B19}.Release|Any CPU.ActiveCfg = Release|Any CPU
		{711AACC8-1131-44A1-B0C3-8FABF6213B19}.Release|Any CPU.Build.0 = Release|Any CPU
		{01639450-CF23-4A22-AE79-08AAD2119A29}.Debug|Any CPU.ActiveCfg = Debug|Any CPU
		{01639450-CF23-4A22-AE79-08AAD2119A29}.Debug|Any CPU.Build.0 = Debug|Any CPU
		{01639450-CF23-4A22-AE79-08AAD2119A29}.Release|Any CPU.ActiveCfg = Release|Any CPU
		{01639450-CF23-4A22-AE79-08AAD2119A29}.Release|Any CPU.Build.0 = Release|Any CPU
		{602CAB19-3778-4455-B9B3-7CF37CB9564B}.Debug|Any CPU.ActiveCfg = Debug|Any CPU
		{602CAB19-3778-4455-B9B3-7CF37CB9564B}.Debug|Any CPU.Build.0 = Debug|Any CPU
		{602CAB19-3778-4455-B9B3-7CF37CB9564B}.Release|Any CPU.ActiveCfg = Release|Any CPU
		{602CAB19-3778-4455-B9B3-7CF37CB9564B}.Release|Any CPU.Build.0 = Release|Any CPU
	EndGlobalSection
	GlobalSection(SolutionProperties) = preSolution
		HideSolutionNode = FALSE
	EndGlobalSection
	GlobalSection(ExtensibilityGlobals) = postSolution
		SolutionGuid = {C0960433-34BA-4A75-9F4C-51D77146A175}
	EndGlobalSection
EndGlobal
